
Microsoft Visual Studio Solution File, Format Version 12.00
# Visual Studio Version 17
VisualStudioVersion = 17.9.34728.123
MinimumVisualStudioVersion = 10.0.40219.1
Project("{2150E333-8FDC-42A3-9474-1A3956D46DE8}") = "Services", "Services", "{69ED2025-DE40-4D1B-AF33-BB972F83BB09}"
EndProject
Project("{2150E333-8FDC-42A3-9474-1A3956D46DE8}") = "Shared", "Shared", "{BC1933AD-823F-481B-9D04-0957BEDEF927}"
EndProject
Project("{2150E333-8FDC-42A3-9474-1A3956D46DE8}") = "Customer", "Customer", "{1E782F6B-2A67-4D75-AFC3-0BD264022936}"
EndProject
Project("{2150E333-8FDC-42A3-9474-1A3956D46DE8}") = "Order", "Order", "{F7EA0F82-8351-4EE4-AC88-AD8875CA725B}"
EndProject
Project("{9A19103F-16F7-4668-BE54-9A1E7A4F7556}") = "Application", "src\Services\Customer\Application\Application.csproj", "{AB54E1F2-A98D-4024-87FB-48B8700B0050}"
EndProject
Project("{9A19103F-16F7-4668-BE54-9A1E7A4F7556}") = "Domain", "src\Services\Customer\Domain\Domain.csproj", "{3483828C-9759-42CD-820C-7B3BE18B6374}"
EndProject
Project("{9A19103F-16F7-4668-BE54-9A1E7A4F7556}") = "Infrastructure", "src\Services\Customer\Infrastructure\Infrastructure.csproj", "{C0D56B76-CC42-42C6-83F4-CD533C76BD05}"
EndProject
Project("{9A19103F-16F7-4668-BE54-9A1E7A4F7556}") = "WebAPI", "src\Services\Customer\WebAPI\WebAPI.csproj", "{52E302EE-F346-4FE8-9643-7D41F73A0E01}"
EndProject
Project("{9A19103F-16F7-4668-BE54-9A1E7A4F7556}") = "Application", "src\Services\Order\Application\Application.csproj", "{A50C8C36-91E8-4DD4-85FC-D99F8A286CF9}"
EndProject
Project("{9A19103F-16F7-4668-BE54-9A1E7A4F7556}") = "Domain", "src\Services\Order\Domain\Domain.csproj", "{7A6237A1-4D6B-444F-901E-E13A79322DDD}"
EndProject
Project("{9A19103F-16F7-4668-BE54-9A1E7A4F7556}") = "Infrastructure", "src\Services\Order\Infrastructure\Infrastructure.csproj", "{1AFF5C76-AE4B-45DC-BE90-6CBDB732A388}"
EndProject
Project("{9A19103F-16F7-4668-BE54-9A1E7A4F7556}") = "WebAPI", "src\Services\Order\WebAPI\WebAPI.csproj", "{C5ABA306-6497-4DCB-826E-16E2BCDA2DAE}"
EndProject
Project("{2150E333-8FDC-42A3-9474-1A3956D46DE8}") = "Gateways", "Gateways", "{64D30A43-FBFA-48FD-9FE7-508BB9E6B3E1}"
EndProject
Project("{9A19103F-16F7-4668-BE54-9A1E7A4F7556}") = "TesodevOrderApp.Gateway", "src\Gateways\TesodevOrderApp.Gateway\TesodevOrderApp.Gateway.csproj", "{8AD58A00-BCF7-49EA-826D-BD3BED6236CE}"
EndProject
Project("{2150E333-8FDC-42A3-9474-1A3956D46DE8}") = "Tests", "Tests", "{43F3177D-537F-4478-A661-B3AF80FC6F4F}"
EndProject
Project("{2150E333-8FDC-42A3-9474-1A3956D46DE8}") = "Customer", "Customer", "{6081EA5A-3469-4EB1-8FFF-2BDCE75D1B59}"
EndProject
Project("{2150E333-8FDC-42A3-9474-1A3956D46DE8}") = "Order", "Order", "{A4D5B540-93E5-406B-9C6E-3C6DBD92D253}"
EndProject
Project("{9A19103F-16F7-4668-BE54-9A1E7A4F7556}") = "OrderWebAPI.Tests", "Tests\Order\WebAPI.Tests\OrderWebAPI.Tests.csproj", "{7072A119-447E-45F5-9707-C478B92114F0}"
EndProject
Project("{2150E333-8FDC-42A3-9474-1A3956D46DE8}") = "src", "src", "{814AFB10-CC12-4757-A950-C2A4AA57373E}"
EndProject
Project("{9A19103F-16F7-4668-BE54-9A1E7A4F7556}") = "TesodevOrderApp.Shared", "src\TesodevOrderApp.Shared\TesodevOrderApp.Shared.csproj", "{72336C0F-5969-4101-893B-59CC2A540283}"
EndProject
Project("{9A19103F-16F7-4668-BE54-9A1E7A4F7556}") = "CustomerApplication.Tests", "Tests\Customer\Application.Tests\CustomerApplication.Tests.csproj", "{C43093C2-7077-47A5-9AB6-690CD30FC176}"
EndProject
Project("{9A19103F-16F7-4668-BE54-9A1E7A4F7556}") = "CustomerWebAPI.Tests", "Tests\Customer\WebApi.Tests\CustomerWebAPI.Tests.csproj", "{5EF8B007-4636-4D8F-923D-2CE582BE15A2}"
EndProject
Project("{FAE04EC0-301F-11D3-BF4B-00C04F79EFBC}") = "OrderApplication.Tests", "Application.Tests\OrderApplication.Tests.csproj", "{583B075E-6A2F-450E-A473-230896C098C8}"
EndProject
Global
	GlobalSection(SolutionConfigurationPlatforms) = preSolution
		Debug|Any CPU = Debug|Any CPU
		Release|Any CPU = Release|Any CPU
	EndGlobalSection
	GlobalSection(ProjectConfigurationPlatforms) = postSolution
		{AB54E1F2-A98D-4024-87FB-48B8700B0050}.Debug|Any CPU.ActiveCfg = Debug|Any CPU
		{AB54E1F2-A98D-4024-87FB-48B8700B0050}.Debug|Any CPU.Build.0 = Debug|Any CPU
		{AB54E1F2-A98D-4024-87FB-48B8700B0050}.Release|Any CPU.ActiveCfg = Release|Any CPU
		{AB54E1F2-A98D-4024-87FB-48B8700B0050}.Release|Any CPU.Build.0 = Release|Any CPU
		{3483828C-9759-42CD-820C-7B3BE18B6374}.Debug|Any CPU.ActiveCfg = Debug|Any CPU
		{3483828C-9759-42CD-820C-7B3BE18B6374}.Debug|Any CPU.Build.0 = Debug|Any CPU
		{3483828C-9759-42CD-820C-7B3BE18B6374}.Release|Any CPU.ActiveCfg = Release|Any CPU
		{3483828C-9759-42CD-820C-7B3BE18B6374}.Release|Any CPU.Build.0 = Release|Any CPU
		{C0D56B76-CC42-42C6-83F4-CD533C76BD05}.Debug|Any CPU.ActiveCfg = Debug|Any CPU
		{C0D56B76-CC42-42C6-83F4-CD533C76BD05}.Debug|Any CPU.Build.0 = Debug|Any CPU
		{C0D56B76-CC42-42C6-83F4-CD533C76BD05}.Release|Any CPU.ActiveCfg = Release|Any CPU
		{C0D56B76-CC42-42C6-83F4-CD533C76BD05}.Release|Any CPU.Build.0 = Release|Any CPU
		{52E302EE-F346-4FE8-9643-7D41F73A0E01}.Debug|Any CPU.ActiveCfg = Debug|Any CPU
		{52E302EE-F346-4FE8-9643-7D41F73A0E01}.Debug|Any CPU.Build.0 = Debug|Any CPU
		{52E302EE-F346-4FE8-9643-7D41F73A0E01}.Release|Any CPU.ActiveCfg = Release|Any CPU
		{52E302EE-F346-4FE8-9643-7D41F73A0E01}.Release|Any CPU.Build.0 = Release|Any CPU
		{A50C8C36-91E8-4DD4-85FC-D99F8A286CF9}.Debug|Any CPU.ActiveCfg = Debug|Any CPU
		{A50C8C36-91E8-4DD4-85FC-D99F8A286CF9}.Debug|Any CPU.Build.0 = Debug|Any CPU
		{A50C8C36-91E8-4DD4-85FC-D99F8A286CF9}.Release|Any CPU.ActiveCfg = Release|Any CPU
		{A50C8C36-91E8-4DD4-85FC-D99F8A286CF9}.Release|Any CPU.Build.0 = Release|Any CPU
		{7A6237A1-4D6B-444F-901E-E13A79322DDD}.Debug|Any CPU.ActiveCfg = Debug|Any CPU
		{7A6237A1-4D6B-444F-901E-E13A79322DDD}.Debug|Any CPU.Build.0 = Debug|Any CPU
		{7A6237A1-4D6B-444F-901E-E13A79322DDD}.Release|Any CPU.ActiveCfg = Release|Any CPU
		{7A6237A1-4D6B-444F-901E-E13A79322DDD}.Release|Any CPU.Build.0 = Release|Any CPU
		{1AFF5C76-AE4B-45DC-BE90-6CBDB732A388}.Debug|Any CPU.ActiveCfg = Debug|Any CPU
		{1AFF5C76-AE4B-45DC-BE90-6CBDB732A388}.Debug|Any CPU.Build.0 = Debug|Any CPU
		{1AFF5C76-AE4B-45DC-BE90-6CBDB732A388}.Release|Any CPU.ActiveCfg = Release|Any CPU
		{1AFF5C76-AE4B-45DC-BE90-6CBDB732A388}.Release|Any CPU.Build.0 = Release|Any CPU
		{C5ABA306-6497-4DCB-826E-16E2BCDA2DAE}.Debug|Any CPU.ActiveCfg = Debug|Any CPU
		{C5ABA306-6497-4DCB-826E-16E2BCDA2DAE}.Debug|Any CPU.Build.0 = Debug|Any CPU
		{C5ABA306-6497-4DCB-826E-16E2BCDA2DAE}.Release|Any CPU.ActiveCfg = Release|Any CPU
		{C5ABA306-6497-4DCB-826E-16E2BCDA2DAE}.Release|Any CPU.Build.0 = Release|Any CPU
		{8AD58A00-BCF7-49EA-826D-BD3BED6236CE}.Debug|Any CPU.ActiveCfg = Debug|Any CPU
		{8AD58A00-BCF7-49EA-826D-BD3BED6236CE}.Debug|Any CPU.Build.0 = Debug|Any CPU
		{8AD58A00-BCF7-49EA-826D-BD3BED6236CE}.Release|Any CPU.ActiveCfg = Release|Any CPU
		{8AD58A00-BCF7-49EA-826D-BD3BED6236CE}.Release|Any CPU.Build.0 = Release|Any CPU
		{7072A119-447E-45F5-9707-C478B92114F0}.Debug|Any CPU.ActiveCfg = Debug|Any CPU
		{7072A119-447E-45F5-9707-C478B92114F0}.Debug|Any CPU.Build.0 = Debug|Any CPU
		{7072A119-447E-45F5-9707-C478B92114F0}.Release|Any CPU.ActiveCfg = Release|Any CPU
		{7072A119-447E-45F5-9707-C478B92114F0}.Release|Any CPU.Build.0 = Release|Any CPU
		{72336C0F-5969-4101-893B-59CC2A540283}.Debug|Any CPU.ActiveCfg = Debug|Any CPU
		{72336C0F-5969-4101-893B-59CC2A540283}.Debug|Any CPU.Build.0 = Debug|Any CPU
		{72336C0F-5969-4101-893B-59CC2A540283}.Release|Any CPU.ActiveCfg = Release|Any CPU
		{72336C0F-5969-4101-893B-59CC2A540283}.Release|Any CPU.Build.0 = Release|Any CPU
		{C43093C2-7077-47A5-9AB6-690CD30FC176}.Debug|Any CPU.ActiveCfg = Debug|Any CPU
		{C43093C2-7077-47A5-9AB6-690CD30FC176}.Debug|Any CPU.Build.0 = Debug|Any CPU
		{C43093C2-7077-47A5-9AB6-690CD30FC176}.Release|Any CPU.ActiveCfg = Release|Any CPU
		{C43093C2-7077-47A5-9AB6-690CD30FC176}.Release|Any CPU.Build.0 = Release|Any CPU
		{5EF8B007-4636-4D8F-923D-2CE582BE15A2}.Debug|Any CPU.ActiveCfg = Debug|Any CPU
		{5EF8B007-4636-4D8F-923D-2CE582BE15A2}.Debug|Any CPU.Build.0 = Debug|Any CPU
		{5EF8B007-4636-4D8F-923D-2CE582BE15A2}.Release|Any CPU.ActiveCfg = Release|Any CPU
		{5EF8B007-4636-4D8F-923D-2CE582BE15A2}.Release|Any CPU.Build.0 = Release|Any CPU
		{583B075E-6A2F-450E-A473-230896C098C8}.Debug|Any CPU.ActiveCfg = Debug|Any CPU
		{583B075E-6A2F-450E-A473-230896C098C8}.Debug|Any CPU.Build.0 = Debug|Any CPU
		{583B075E-6A2F-450E-A473-230896C098C8}.Release|Any CPU.ActiveCfg = Release|Any CPU
		{583B075E-6A2F-450E-A473-230896C098C8}.Release|Any CPU.Build.0 = Release|Any CPU
	EndGlobalSection
	GlobalSection(SolutionProperties) = preSolution
		HideSolutionNode = FALSE
	EndGlobalSection
	GlobalSection(NestedProjects) = preSolution
		{69ED2025-DE40-4D1B-AF33-BB972F83BB09} = {814AFB10-CC12-4757-A950-C2A4AA57373E}
		{BC1933AD-823F-481B-9D04-0957BEDEF927} = {814AFB10-CC12-4757-A950-C2A4AA57373E}
		{1E782F6B-2A67-4D75-AFC3-0BD264022936} = {69ED2025-DE40-4D1B-AF33-BB972F83BB09}
		{F7EA0F82-8351-4EE4-AC88-AD8875CA725B} = {69ED2025-DE40-4D1B-AF33-BB972F83BB09}
		{AB54E1F2-A98D-4024-87FB-48B8700B0050} = {1E782F6B-2A67-4D75-AFC3-0BD264022936}
		{3483828C-9759-42CD-820C-7B3BE18B6374} = {1E782F6B-2A67-4D75-AFC3-0BD264022936}
		{C0D56B76-CC42-42C6-83F4-CD533C76BD05} = {1E782F6B-2A67-4D75-AFC3-0BD264022936}
		{52E302EE-F346-4FE8-9643-7D41F73A0E01} = {1E782F6B-2A67-4D75-AFC3-0BD264022936}
		{A50C8C36-91E8-4DD4-85FC-D99F8A286CF9} = {F7EA0F82-8351-4EE4-AC88-AD8875CA725B}
		{7A6237A1-4D6B-444F-901E-E13A79322DDD} = {F7EA0F82-8351-4EE4-AC88-AD8875CA725B}
		{1AFF5C76-AE4B-45DC-BE90-6CBDB732A388} = {F7EA0F82-8351-4EE4-AC88-AD8875CA725B}
		{C5ABA306-6497-4DCB-826E-16E2BCDA2DAE} = {F7EA0F82-8351-4EE4-AC88-AD8875CA725B}
		{64D30A43-FBFA-48FD-9FE7-508BB9E6B3E1} = {814AFB10-CC12-4757-A950-C2A4AA57373E}
		{8AD58A00-BCF7-49EA-826D-BD3BED6236CE} = {64D30A43-FBFA-48FD-9FE7-508BB9E6B3E1}
		{6081EA5A-3469-4EB1-8FFF-2BDCE75D1B59} = {43F3177D-537F-4478-A661-B3AF80FC6F4F}
		{A4D5B540-93E5-406B-9C6E-3C6DBD92D253} = {43F3177D-537F-4478-A661-B3AF80FC6F4F}
		{7072A119-447E-45F5-9707-C478B92114F0} = {A4D5B540-93E5-406B-9C6E-3C6DBD92D253}
		{72336C0F-5969-4101-893B-59CC2A540283} = {BC1933AD-823F-481B-9D04-0957BEDEF927}
		{C43093C2-7077-47A5-9AB6-690CD30FC176} = {6081EA5A-3469-4EB1-8FFF-2BDCE75D1B59}
		{5EF8B007-4636-4D8F-923D-2CE582BE15A2} = {6081EA5A-3469-4EB1-8FFF-2BDCE75D1B59}
		{583B075E-6A2F-450E-A473-230896C098C8} = {A4D5B540-93E5-406B-9C6E-3C6DBD92D253}
	EndGlobalSection
	GlobalSection(ExtensibilityGlobals) = postSolution
		SolutionGuid = {0C3D3274-6DDE-4398-8BEF-8A1BF70F3592}
	EndGlobalSection
EndGlobal
